# This file is autogenerated, do not edit; changes may be undone by the next 'dep ensure'.


[[projects]]
  digest = "1:f5bbe87e7d9d1e1d12a407d387b15fb3e6a403c3fc29569593cd911c23e36e3c"
  name = "github.com/aws/aws-sdk-go"
  packages = ["."]
  pruneopts = "UT"
  revision = "b024dccbed5bf4ecdf4718113f282c0ef972a776"
  version = "v1.21.8"

[solve-meta]
  analyzer-name = "dep"
  analyzer-version = 1
  input-imports = ["github.com/aws/aws-sdk-go"]
  solver-name = "gps-cdcl"
  solver-version = 1
